
Microsoft Visual Studio Solution File, Format Version 12.00
# Visual Studio 14
VisualStudioVersion = 14.0.25420.1
MinimumVisualStudioVersion = 10.0.40219.1
Project("{FAE04EC0-301F-11D3-BF4B-00C04F79EFBC}") = "MQLogicLayer", "MQLogicLayer\MQLogicLayer.csproj", "{2F2EA92D-ECB9-4800-ADA7-219D3F024F5F}"
EndProject
Project("{FAE04EC0-301F-11D3-BF4B-00C04F79EFBC}") = "CANLibrary", "CANLibrary\CANLibrary.csproj", "{EE267A76-9590-45BB-922A-FCA09E089A13}"
EndProject
Project("{FAE04EC0-301F-11D3-BF4B-00C04F79EFBC}") = "TestConsole", "TestConsole\TestConsole.csproj", "{6BC2AE0D-4973-4A59-9589-BEACAD6C892B}"
EndProject
Project("{FAE04EC0-301F-11D3-BF4B-00C04F79EFBC}") = "mq_can_service", "mq_can_service\mq_can_service.csproj", "{914638E5-83F2-4E86-A8B2-A7796CAE34B1}"
EndProject
Global
	GlobalSection(SolutionConfigurationPlatforms) = preSolution
		Debug|Any CPU = Debug|Any CPU
		Release|Any CPU = Release|Any CPU
	EndGlobalSection
	GlobalSection(ProjectConfigurationPlatforms) = postSolution
		{2F2EA92D-ECB9-4800-ADA7-219D3F024F5F}.Debug|Any CPU.ActiveCfg = Debug|Any CPU
		{2F2EA92D-ECB9-4800-ADA7-219D3F024F5F}.Debug|Any CPU.Build.0 = Debug|Any CPU
		{2F2EA92D-ECB9-4800-ADA7-219D3F024F5F}.Release|Any CPU.ActiveCfg = Release|Any CPU
		{2F2EA92D-ECB9-4800-ADA7-219D3F024F5F}.Release|Any CPU.Build.0 = Release|Any CPU
		{EE267A76-9590-45BB-922A-FCA09E089A13}.Debug|Any CPU.ActiveCfg = Debug|Any CPU
		{EE267A76-9590-45BB-922A-FCA09E089A13}.Debug|Any CPU.Build.0 = Debug|Any CPU
		{EE267A76-9590-45BB-922A-FCA09E089A13}.Release|Any CPU.ActiveCfg = Release|Any CPU
		{EE267A76-9590-45BB-922A-FCA09E089A13}.Release|Any CPU.Build.0 = Release|Any CPU
		{6BC2AE0D-4973-4A59-9589-BEACAD6C892B}.Debug|Any CPU.ActiveCfg = Debug|Any CPU
		{6BC2AE0D-4973-4A59-9589-BEACAD6C892B}.Debug|Any CPU.Build.0 = Debug|Any CPU
		{6BC2AE0D-4973-4A59-9589-BEACAD6C892B}.Release|Any CPU.ActiveCfg = Release|Any CPU
		{6BC2AE0D-4973-4A59-9589-BEACAD6C892B}.Release|Any CPU.Build.0 = Release|Any CPU
		{914638E5-83F2-4E86-A8B2-A7796CAE34B1}.Debug|Any CPU.ActiveCfg = Debug|Any CPU
		{914638E5-83F2-4E86-A8B2-A7796CAE34B1}.Debug|Any CPU.Build.0 = Debug|Any CPU
		{914638E5-83F2-4E86-A8B2-A7796CAE34B1}.Release|Any CPU.ActiveCfg = Release|Any CPU
		{914638E5-83F2-4E86-A8B2-A7796CAE34B1}.Release|Any CPU.Build.0 = Release|Any CPU
	EndGlobalSection
	GlobalSection(SolutionProperties) = preSolution
		HideSolutionNode = FALSE
	EndGlobalSection
EndGlobal
